{
  "name": "tej",
  "version": "1.0.0",
  "lockfileVersion": 2,
  "requires": true,
  "packages": {
    "": {
      "name": "tej",
      "version": "1.0.0",
      "license": "ISC",
      "dependencies": {
        "@types/events": "^3.0.0",
        "@types/ws": "^8.2.2",
        "discord-api-types": "^0.27.1",
        "events": "^3.3.0",
        "json-bufferify": "^0.2.2",
        "ts-transformer-keys": "^0.4.3",
        "undici": "^4.14.1",
        "ws": "^8.5.0"
      }
    },
    "node_modules/@types/events": {
      "version": "3.0.0",
      "resolved": "https://registry.npmjs.org/@types/events/-/events-3.0.0.tgz",
      "integrity": "sha512-EaObqwIvayI5a8dCzhFrjKzVwKLxjoG9T6Ppd5CEo07LRKfQ8Yokw54r5+Wq7FaBQ+yXRvQAYPrHwya1/UFt9g=="
    },
    "node_modules/@types/node": {
      "version": "17.0.17",
      "resolved": "https://registry.npmjs.org/@types/node/-/node-17.0.17.tgz",
      "integrity": "sha512-e8PUNQy1HgJGV3iU/Bp2+D/DXh3PYeyli8LgIwsQcs1Ar1LoaWHSIT6Rw+H2rNJmiq6SNWiDytfx8+gYj7wDHw=="
    },
    "node_modules/@types/ws": {
      "version": "8.2.2",
      "resolved": "https://registry.npmjs.org/@types/ws/-/ws-8.2.2.tgz",
      "integrity": "sha512-NOn5eIcgWLOo6qW8AcuLZ7G8PycXu0xTxxkS6Q18VWFxgPUSOwV0pBj2a/4viNZVu25i7RIB7GttdkAIUUXOOg==",
      "dependencies": {
        "@types/node": "*"
      }
    },
    "node_modules/discord-api-types": {
      "version": "0.27.1",
      "resolved": "https://registry.npmjs.org/discord-api-types/-/discord-api-types-0.27.1.tgz",
      "integrity": "sha512-NhOrRs3TDx/p/e7+VCzcvtVz/Wkqa/olS82HJb2aM/oI0CLcnB+lJMXWa8wjn57XviFBcMMR0poqUMXx0IqTkQ=="
    },
    "node_modules/events": {
      "version": "3.3.0",
      "resolved": "https://registry.npmjs.org/events/-/events-3.3.0.tgz",
      "integrity": "sha512-mQw+2fkQbALzQ7V0MY0IqdnXNOeTtP4r0lN9z7AAawCXgqea7bDii20AYrIBrFd/Hx0M2Ocz6S111CaFkUcb0Q==",
      "engines": {
        "node": ">=0.8.x"
      }
    },
    "node_modules/json-bufferify": {
      "version": "0.2.2",
      "resolved": "https://registry.npmjs.org/json-bufferify/-/json-bufferify-0.2.2.tgz",
      "integrity": "sha512-uB7cqW21ZZnYf0Qy83PK57Z2PfOe6yA1pGUnN+wAzCPBE3Gc1eqytn5DUkPESwzkpyJoMwRVWZgRXTXRk1dONA=="
    },
    "node_modules/ts-transformer-keys": {
      "version": "0.4.3",
      "resolved": "https://registry.npmjs.org/ts-transformer-keys/-/ts-transformer-keys-0.4.3.tgz",
      "integrity": "sha512-pOTLlet1SnAvhKNr9tMAFwuv5283OkUNiq1fXTEK+vrSv+kxU3e2Ijr/UkqyX2vuMmvcNHdpXC31hob7ljH//g==",
      "peerDependencies": {
        "typescript": ">=2.4.1"
      }
    },
    "node_modules/typescript": {
      "version": "4.5.5",
      "resolved": "https://registry.npmjs.org/typescript/-/typescript-4.5.5.tgz",
      "integrity": "sha512-TCTIul70LyWe6IJWT8QSYeA54WQe8EjQFU4wY52Fasj5UKx88LNYKCgBEHcOMOrFF1rKGbD8v/xcNWVUq9SymA==",
      "peer": true,
      "bin": {
        "tsc": "bin/tsc",
        "tsserver": "bin/tsserver"
      },
      "engines": {
        "node": ">=4.2.0"
      }
    },
    "node_modules/undici": {
      "version": "4.14.1",
      "resolved": "https://registry.npmjs.org/undici/-/undici-4.14.1.tgz",
      "integrity": "sha512-WJ+g+XqiZcATcBaUeluCajqy4pEDcQfK1vy+Fo+bC4/mqXI9IIQD/XWHLS70fkGUT6P52Drm7IFslO651OdLPQ==",
      "engines": {
        "node": ">=12.18"
      }
    },
    "node_modules/ws": {
      "version": "8.5.0",
      "resolved": "https://registry.npmjs.org/ws/-/ws-8.5.0.tgz",
      "integrity": "sha512-BWX0SWVgLPzYwF8lTzEy1egjhS4S4OEAHfsO8o65WOVsrnSRGaSiUaa9e0ggGlkMTtBlmOpEXiie9RUcBO86qg==",
      "engines": {
        "node": ">=10.0.0"
      },
      "peerDependencies": {
        "bufferutil": "^4.0.1",
        "utf-8-validate": "^5.0.2"
      },
      "peerDependenciesMeta": {
        "bufferutil": {
          "optional": true
        },
        "utf-8-validate": {
          "optional": true
        }
      }
    }
  },
  "dependencies": {
    "@types/events": {
      "version": "3.0.0",
      "resolved": "https://registry.npmjs.org/@types/events/-/events-3.0.0.tgz",
      "integrity": "sha512-EaObqwIvayI5a8dCzhFrjKzVwKLxjoG9T6Ppd5CEo07LRKfQ8Yokw54r5+Wq7FaBQ+yXRvQAYPrHwya1/UFt9g=="
    },
    "@types/node": {
      "version": "17.0.17",
      "resolved": "https://registry.npmjs.org/@types/node/-/node-17.0.17.tgz",
      "integrity": "sha512-e8PUNQy1HgJGV3iU/Bp2+D/DXh3PYeyli8LgIwsQcs1Ar1LoaWHSIT6Rw+H2rNJmiq6SNWiDytfx8+gYj7wDHw=="
    },
    "@types/ws": {
      "version": "8.2.2",
      "resolved": "https://registry.npmjs.org/@types/ws/-/ws-8.2.2.tgz",
      "integrity": "sha512-NOn5eIcgWLOo6qW8AcuLZ7G8PycXu0xTxxkS6Q18VWFxgPUSOwV0pBj2a/4viNZVu25i7RIB7GttdkAIUUXOOg==",
      "requires": {
        "@types/node": "*"
      }
    },
    "discord-api-types": {
      "version": "0.27.1",
      "resolved": "https://registry.npmjs.org/discord-api-types/-/discord-api-types-0.27.1.tgz",
      "integrity": "sha512-NhOrRs3TDx/p/e7+VCzcvtVz/Wkqa/olS82HJb2aM/oI0CLcnB+lJMXWa8wjn57XviFBcMMR0poqUMXx0IqTkQ=="
    },
    "events": {
      "version": "3.3.0",
      "resolved": "https://registry.npmjs.org/events/-/events-3.3.0.tgz",
      "integrity": "sha512-mQw+2fkQbALzQ7V0MY0IqdnXNOeTtP4r0lN9z7AAawCXgqea7bDii20AYrIBrFd/Hx0M2Ocz6S111CaFkUcb0Q=="
    },
    "json-bufferify": {
      "version": "0.2.2",
      "resolved": "https://registry.npmjs.org/json-bufferify/-/json-bufferify-0.2.2.tgz",
      "integrity": "sha512-uB7cqW21ZZnYf0Qy83PK57Z2PfOe6yA1pGUnN+wAzCPBE3Gc1eqytn5DUkPESwzkpyJoMwRVWZgRXTXRk1dONA=="
    },
    "ts-transformer-keys": {
      "version": "0.4.3",
      "resolved": "https://registry.npmjs.org/ts-transformer-keys/-/ts-transformer-keys-0.4.3.tgz",
      "integrity": "sha512-pOTLlet1SnAvhKNr9tMAFwuv5283OkUNiq1fXTEK+vrSv+kxU3e2Ijr/UkqyX2vuMmvcNHdpXC31hob7ljH//g==",
      "requires": {}
    },
    "typescript": {
      "version": "4.5.5",
      "resolved": "https://registry.npmjs.org/typescript/-/typescript-4.5.5.tgz",
      "integrity": "sha512-TCTIul70LyWe6IJWT8QSYeA54WQe8EjQFU4wY52Fasj5UKx88LNYKCgBEHcOMOrFF1rKGbD8v/xcNWVUq9SymA==",
      "peer": true
    },
    "undici": {
      "version": "4.14.1",
      "resolved": "https://registry.npmjs.org/undici/-/undici-4.14.1.tgz",
      "integrity": "sha512-WJ+g+XqiZcATcBaUeluCajqy4pEDcQfK1vy+Fo+bC4/mqXI9IIQD/XWHLS70fkGUT6P52Drm7IFslO651OdLPQ=="
    },
    "ws": {
      "version": "8.5.0",
      "resolved": "https://registry.npmjs.org/ws/-/ws-8.5.0.tgz",
      "integrity": "sha512-BWX0SWVgLPzYwF8lTzEy1egjhS4S4OEAHfsO8o65WOVsrnSRGaSiUaa9e0ggGlkMTtBlmOpEXiie9RUcBO86qg==",
      "requires": {}
    }
  }
}
